<?xml version="1.0" encoding="utf-8"?>
<Project ToolsVersion="4.0" xmlns="http://schemas.microsoft.com/developer/msbuild/2003">
  <ItemGroup>
    <Filter Include="수업">
      <UniqueIdentifier>{dfbde84d-96bc-446e-8ce5-b4fbbf810fbc}</UniqueIdentifier>
    </Filter>
    <Filter Include="수업\00 Overlapped">
      <UniqueIdentifier>{dc786878-5d4a-4c5b-b8cc-48ffea21ce4d}</UniqueIdentifier>
    </Filter>
    <Filter Include="수업\02 Multithread">
      <UniqueIdentifier>{dc214ebe-de62-4295-8657-60a6cd3467ce}</UniqueIdentifier>
    </Filter>
    <Filter Include="수업\01 IOCP+Multithread">
      <UniqueIdentifier>{21a85e99-9eb1-43c5-b9cc-966d1afa3c1f}</UniqueIdentifier>
    </Filter>
    <Filter Include="수업\03 StressTest">
      <UniqueIdentifier>{47339ec2-ed3d-4ff8-a5d2-de5840a12c25}</UniqueIdentifier>
    </Filter>
    <Filter Include="수업\04 IOCP">
      <UniqueIdentifier>{b8a91d93-4864-42fa-a39c-0cac2cc0a991}</UniqueIdentifier>
    </Filter>
  </ItemGroup>
  <ItemGroup>
    <ClCompile Include="ServerTogether.cpp" />
    <ClCompile Include="230307.cpp">
      <Filter>수업\00 Overlapped</Filter>
    </ClCompile>
    <ClCompile Include="230313.cpp">
      <Filter>수업\00 Overlapped</Filter>
    </ClCompile>
    <ClCompile Include="230314.cpp">
      <Filter>수업\00 Overlapped</Filter>
    </ClCompile>
    <ClCompile Include="230321.cpp">
      <Filter>수업\00 Overlapped</Filter>
    </ClCompile>
    <ClCompile Include="230321_chat.cpp">
      <Filter>수업\00 Overlapped</Filter>
    </ClCompile>
    <ClCompile Include="230321_multi.cpp">
      <Filter>수업\00 Overlapped</Filter>
    </ClCompile>
    <ClCompile Include="230328_serversample.cpp">
      <Filter>수업\01 IOCP+Multithread</Filter>
    </ClCompile>
    <ClCompile Include="230404_MultiThread.cpp">
      <Filter>수업\01 IOCP+Multithread</Filter>
    </ClCompile>
    <ClCompile Include="230404_MultiThread0.cpp">
      <Filter>수업\01 IOCP+Multithread</Filter>
    </ClCompile>
    <ClCompile Include="230410_1_Multithread_IOCP.cpp">
      <Filter>수업\01 IOCP+Multithread</Filter>
    </ClCompile>
    <ClCompile Include="230410_0_Mutex.cpp">
      <Filter>수업\01 IOCP+Multithread</Filter>
    </ClCompile>
    <ClCompile Include="230411_0_MutexIOCP.cpp">
      <Filter>수업\01 IOCP+Multithread</Filter>
    </ClCompile>
    <ClCompile Include="230411_1_Multitrhead.cpp">
      <Filter>수업\02 Multithread</Filter>
    </ClCompile>
    <ClCompile Include="230417_0_MemoryConsistency.cpp">
      <Filter>수업\02 Multithread</Filter>
    </ClCompile>
    <ClCompile Include="230417_1_Atomic.cpp">
      <Filter>수업\02 Multithread</Filter>
    </ClCompile>
    <ClCompile Include="230418_0_CAS_WaitFree.cpp">
      <Filter>수업\02 Multithread</Filter>
    </ClCompile>
    <ClCompile Include="multi_iocp_server.cpp">
      <Filter>수업\03 StressTest</Filter>
    </ClCompile>
    <ClCompile Include="230501_view.cpp">
      <Filter>수업\04 IOCP</Filter>
    </ClCompile>
    <ClCompile Include="230508_NPC.cpp">
      <Filter>수업\04 IOCP</Filter>
    </ClCompile>
  </ItemGroup>
  <ItemGroup>
    <ClInclude Include="Include.h" />
    <ClInclude Include="..\Binary\protocol.h" />
    <ClInclude Include="protocol.h">
      <Filter>수업\03 StressTest</Filter>
    </ClInclude>
  </ItemGroup>
  <ItemGroup>
    <None Include="packages.config" />
  </ItemGroup>
</Project>