
Microsoft Visual Studio Solution File, Format Version 12.00
# Visual Studio Version 17
VisualStudioVersion = 17.4.33205.214
MinimumVisualStudioVersion = 10.0.40219.1
Project("{8BC9CEB8-8B4A-11D0-8D11-00A0C91BC942}") = "ServerTogether", "ServerTogether\ServerTogether.vcxproj", "{23C91B6F-B8A2-4037-9A2D-5F8323EBCD17}"
EndProject
Project("{2150E333-8FDC-42A3-9474-1A3956D46DE8}") = "Client", "Client", "{C5AE7E75-8B40-40E7-BB97-632238CCECCB}"
EndProject
Project("{8BC9CEB8-8B4A-11D0-8D11-00A0C91BC942}") = "Client", "Client\Client.vcxproj", "{DC886580-1BE7-491B-95AA-5D51BAC86C33}"
EndProject
Project("{2150E333-8FDC-42A3-9474-1A3956D46DE8}") = "Server", "Server", "{3B352DF9-7CF4-40A8-A235-E6D47663EDC0}"
EndProject
Project("{2150E333-8FDC-42A3-9474-1A3956D46DE8}") = "StressTest", "StressTest", "{CFF8FEEC-2414-4586-A510-31E4CB7738A2}"
EndProject
Project("{8BC9CEB8-8B4A-11D0-8D11-00A0C91BC942}") = "StressTest", "StressTest\StressTest.vcxproj", "{15EA1C9B-A4C8-4166-8BF2-1310200AE81A}"
EndProject
Global
	GlobalSection(SolutionConfigurationPlatforms) = preSolution
		Debug|x64 = Debug|x64
		Debug|x86 = Debug|x86
		Release|x64 = Release|x64
		Release|x86 = Release|x86
	EndGlobalSection
	GlobalSection(ProjectConfigurationPlatforms) = postSolution
		{23C91B6F-B8A2-4037-9A2D-5F8323EBCD17}.Debug|x64.ActiveCfg = Debug|x64
		{23C91B6F-B8A2-4037-9A2D-5F8323EBCD17}.Debug|x64.Build.0 = Debug|x64
		{23C91B6F-B8A2-4037-9A2D-5F8323EBCD17}.Debug|x86.ActiveCfg = Debug|Win32
		{23C91B6F-B8A2-4037-9A2D-5F8323EBCD17}.Debug|x86.Build.0 = Debug|Win32
		{23C91B6F-B8A2-4037-9A2D-5F8323EBCD17}.Release|x64.ActiveCfg = Release|x64
		{23C91B6F-B8A2-4037-9A2D-5F8323EBCD17}.Release|x64.Build.0 = Release|x64
		{23C91B6F-B8A2-4037-9A2D-5F8323EBCD17}.Release|x86.ActiveCfg = Release|Win32
		{23C91B6F-B8A2-4037-9A2D-5F8323EBCD17}.Release|x86.Build.0 = Release|Win32
		{DC886580-1BE7-491B-95AA-5D51BAC86C33}.Debug|x64.ActiveCfg = Debug|x64
		{DC886580-1BE7-491B-95AA-5D51BAC86C33}.Debug|x64.Build.0 = Debug|x64
		{DC886580-1BE7-491B-95AA-5D51BAC86C33}.Debug|x86.ActiveCfg = Debug|Win32
		{DC886580-1BE7-491B-95AA-5D51BAC86C33}.Debug|x86.Build.0 = Debug|Win32
		{DC886580-1BE7-491B-95AA-5D51BAC86C33}.Release|x64.ActiveCfg = Release|x64
		{DC886580-1BE7-491B-95AA-5D51BAC86C33}.Release|x64.Build.0 = Release|x64
		{DC886580-1BE7-491B-95AA-5D51BAC86C33}.Release|x86.ActiveCfg = Release|Win32
		{DC886580-1BE7-491B-95AA-5D51BAC86C33}.Release|x86.Build.0 = Release|Win32
		{15EA1C9B-A4C8-4166-8BF2-1310200AE81A}.Debug|x64.ActiveCfg = Debug|x64
		{15EA1C9B-A4C8-4166-8BF2-1310200AE81A}.Debug|x64.Build.0 = Debug|x64
		{15EA1C9B-A4C8-4166-8BF2-1310200AE81A}.Debug|x86.ActiveCfg = Debug|Win32
		{15EA1C9B-A4C8-4166-8BF2-1310200AE81A}.Debug|x86.Build.0 = Debug|Win32
		{15EA1C9B-A4C8-4166-8BF2-1310200AE81A}.Release|x64.ActiveCfg = Release|x64
		{15EA1C9B-A4C8-4166-8BF2-1310200AE81A}.Release|x64.Build.0 = Release|x64
		{15EA1C9B-A4C8-4166-8BF2-1310200AE81A}.Release|x86.ActiveCfg = Release|Win32
		{15EA1C9B-A4C8-4166-8BF2-1310200AE81A}.Release|x86.Build.0 = Release|Win32
	EndGlobalSection
	GlobalSection(SolutionProperties) = preSolution
		HideSolutionNode = FALSE
	EndGlobalSection
	GlobalSection(NestedProjects) = preSolution
		{23C91B6F-B8A2-4037-9A2D-5F8323EBCD17} = {3B352DF9-7CF4-40A8-A235-E6D47663EDC0}
		{DC886580-1BE7-491B-95AA-5D51BAC86C33} = {C5AE7E75-8B40-40E7-BB97-632238CCECCB}
		{15EA1C9B-A4C8-4166-8BF2-1310200AE81A} = {CFF8FEEC-2414-4586-A510-31E4CB7738A2}
	EndGlobalSection
	GlobalSection(ExtensibilityGlobals) = postSolution
		SolutionGuid = {4B58FB9C-02FA-4320-A556-4DA23F09DFE3}
	EndGlobalSection
EndGlobal
