
Microsoft Visual Studio Solution File, Format Version 12.00
# Visual Studio Version 17
VisualStudioVersion = 17.4.33205.214
MinimumVisualStudioVersion = 10.0.40219.1
Project("{8BC9CEB8-8B4A-11D0-8D11-00A0C91BC942}") = "ServerTogether", "ServerTogether\ServerTogether.vcxproj", "{23C91B6F-B8A2-4037-9A2D-5F8323EBCD17}"
EndProject
Project("{2150E333-8FDC-42A3-9474-1A3956D46DE8}") = "Client", "Client", "{C5AE7E75-8B40-40E7-BB97-632238CCECCB}"
EndProject
Project("{8BC9CEB8-8B4A-11D0-8D11-00A0C91BC942}") = "Client", "Client\Client.vcxproj", "{DC886580-1BE7-491B-95AA-5D51BAC86C33}"
EndProject
Project("{2150E333-8FDC-42A3-9474-1A3956D46DE8}") = "Server", "Server", "{3B352DF9-7CF4-40A8-A235-E6D47663EDC0}"
EndProject
Project("{8BC9CEB8-8B4A-11D0-8D11-00A0C91BC942}") = "ServerClient", "ServerClient\ServerClient.vcxproj", "{12A6CA49-900E-450A-B39E-FA9F284E77DB}"
EndProject
Project("{8BC9CEB8-8B4A-11D0-8D11-00A0C91BC942}") = "OverlappedClient", "OverlappedIO\OverlappedIO.vcxproj", "{4D32750F-D28E-4893-A7DC-D883CDF0AD5C}"
EndProject
Project("{8BC9CEB8-8B4A-11D0-8D11-00A0C91BC942}") = "OverlappedServer", "OverlappedServer\OverlappedServer.vcxproj", "{6D09D444-F2C1-4D9A-A511-5BD35C5D13E5}"
EndProject
Project("{8BC9CEB8-8B4A-11D0-8D11-00A0C91BC942}") = "OverlappedMultiServer", "OverlappedMultiServer\OverlappedMultiServer.vcxproj", "{40674B4B-0BCC-4335-BFAC-F4F178411BCF}"
EndProject
Project("{8BC9CEB8-8B4A-11D0-8D11-00A0C91BC942}") = "ChessServer", "ChessServer\ChessServer.vcxproj", "{201C5C97-E77E-476D-90AE-E0CB512D9438}"
EndProject
Project("{8BC9CEB8-8B4A-11D0-8D11-00A0C91BC942}") = "SingleThread IOCP Server", "IOCP Server\IOCP Server.vcxproj", "{D0DE7EEB-E052-4B5F-BFC0-F0030E4A0722}"
EndProject
Project("{8BC9CEB8-8B4A-11D0-8D11-00A0C91BC942}") = "IOCP Chess Client", "IOCP Chess Client\IOCP Chess Client.vcxproj", "{4409BDA5-E8FF-4050-B7FB-AEB9AB2FADBB}"
EndProject
Project("{8BC9CEB8-8B4A-11D0-8D11-00A0C91BC942}") = "MultiThread", "MultiThread\MultiThread.vcxproj", "{E6C905DC-22F3-43F5-A92B-3DC9C8630614}"
EndProject
Project("{8BC9CEB8-8B4A-11D0-8D11-00A0C91BC942}") = "Example", "Example\Example.vcxproj", "{B7067FC5-51A3-4809-AE8B-1D7CA5718465}"
EndProject
Project("{8BC9CEB8-8B4A-11D0-8D11-00A0C91BC942}") = "MT_CC", "MT_CC\MT_CC.vcxproj", "{F9043F85-E4EA-4708-BAE9-A1A27C42AC96}"
EndProject
Project("{8BC9CEB8-8B4A-11D0-8D11-00A0C91BC942}") = "TestServer", "TestServer\TestServer.vcxproj", "{11A53C69-3078-4F9B-9BEA-A2176FE96444}"
EndProject
Project("{8BC9CEB8-8B4A-11D0-8D11-00A0C91BC942}") = "TestCilent", "TestCilent\TestCilent.vcxproj", "{2BF8AB88-814C-4ACB-B045-C68A4C1447DD}"
EndProject
Project("{8BC9CEB8-8B4A-11D0-8D11-00A0C91BC942}") = "Stress", "Stress\Stress.vcxproj", "{9B6F067F-C232-4AC6-BDD6-70180FD6F158}"
EndProject
Global
	GlobalSection(SolutionConfigurationPlatforms) = preSolution
		Debug|x64 = Debug|x64
		Debug|x86 = Debug|x86
		Release|x64 = Release|x64
		Release|x86 = Release|x86
	EndGlobalSection
	GlobalSection(ProjectConfigurationPlatforms) = postSolution
		{23C91B6F-B8A2-4037-9A2D-5F8323EBCD17}.Debug|x64.ActiveCfg = Debug|x64
		{23C91B6F-B8A2-4037-9A2D-5F8323EBCD17}.Debug|x64.Build.0 = Debug|x64
		{23C91B6F-B8A2-4037-9A2D-5F8323EBCD17}.Debug|x86.ActiveCfg = Debug|Win32
		{23C91B6F-B8A2-4037-9A2D-5F8323EBCD17}.Debug|x86.Build.0 = Debug|Win32
		{23C91B6F-B8A2-4037-9A2D-5F8323EBCD17}.Release|x64.ActiveCfg = Release|x64
		{23C91B6F-B8A2-4037-9A2D-5F8323EBCD17}.Release|x64.Build.0 = Release|x64
		{23C91B6F-B8A2-4037-9A2D-5F8323EBCD17}.Release|x86.ActiveCfg = Release|Win32
		{23C91B6F-B8A2-4037-9A2D-5F8323EBCD17}.Release|x86.Build.0 = Release|Win32
		{DC886580-1BE7-491B-95AA-5D51BAC86C33}.Debug|x64.ActiveCfg = Debug|x64
		{DC886580-1BE7-491B-95AA-5D51BAC86C33}.Debug|x64.Build.0 = Debug|x64
		{DC886580-1BE7-491B-95AA-5D51BAC86C33}.Debug|x86.ActiveCfg = Debug|Win32
		{DC886580-1BE7-491B-95AA-5D51BAC86C33}.Debug|x86.Build.0 = Debug|Win32
		{DC886580-1BE7-491B-95AA-5D51BAC86C33}.Release|x64.ActiveCfg = Release|x64
		{DC886580-1BE7-491B-95AA-5D51BAC86C33}.Release|x64.Build.0 = Release|x64
		{DC886580-1BE7-491B-95AA-5D51BAC86C33}.Release|x86.ActiveCfg = Release|Win32
		{DC886580-1BE7-491B-95AA-5D51BAC86C33}.Release|x86.Build.0 = Release|Win32
		{12A6CA49-900E-450A-B39E-FA9F284E77DB}.Debug|x64.ActiveCfg = Debug|x64
		{12A6CA49-900E-450A-B39E-FA9F284E77DB}.Debug|x64.Build.0 = Debug|x64
		{12A6CA49-900E-450A-B39E-FA9F284E77DB}.Debug|x86.ActiveCfg = Debug|Win32
		{12A6CA49-900E-450A-B39E-FA9F284E77DB}.Debug|x86.Build.0 = Debug|Win32
		{12A6CA49-900E-450A-B39E-FA9F284E77DB}.Release|x64.ActiveCfg = Release|x64
		{12A6CA49-900E-450A-B39E-FA9F284E77DB}.Release|x64.Build.0 = Release|x64
		{12A6CA49-900E-450A-B39E-FA9F284E77DB}.Release|x86.ActiveCfg = Release|Win32
		{12A6CA49-900E-450A-B39E-FA9F284E77DB}.Release|x86.Build.0 = Release|Win32
		{4D32750F-D28E-4893-A7DC-D883CDF0AD5C}.Debug|x64.ActiveCfg = Debug|x64
		{4D32750F-D28E-4893-A7DC-D883CDF0AD5C}.Debug|x64.Build.0 = Debug|x64
		{4D32750F-D28E-4893-A7DC-D883CDF0AD5C}.Debug|x86.ActiveCfg = Debug|Win32
		{4D32750F-D28E-4893-A7DC-D883CDF0AD5C}.Debug|x86.Build.0 = Debug|Win32
		{4D32750F-D28E-4893-A7DC-D883CDF0AD5C}.Release|x64.ActiveCfg = Release|x64
		{4D32750F-D28E-4893-A7DC-D883CDF0AD5C}.Release|x64.Build.0 = Release|x64
		{4D32750F-D28E-4893-A7DC-D883CDF0AD5C}.Release|x86.ActiveCfg = Release|Win32
		{4D32750F-D28E-4893-A7DC-D883CDF0AD5C}.Release|x86.Build.0 = Release|Win32
		{6D09D444-F2C1-4D9A-A511-5BD35C5D13E5}.Debug|x64.ActiveCfg = Debug|x64
		{6D09D444-F2C1-4D9A-A511-5BD35C5D13E5}.Debug|x64.Build.0 = Debug|x64
		{6D09D444-F2C1-4D9A-A511-5BD35C5D13E5}.Debug|x86.ActiveCfg = Debug|Win32
		{6D09D444-F2C1-4D9A-A511-5BD35C5D13E5}.Debug|x86.Build.0 = Debug|Win32
		{6D09D444-F2C1-4D9A-A511-5BD35C5D13E5}.Release|x64.ActiveCfg = Release|x64
		{6D09D444-F2C1-4D9A-A511-5BD35C5D13E5}.Release|x64.Build.0 = Release|x64
		{6D09D444-F2C1-4D9A-A511-5BD35C5D13E5}.Release|x86.ActiveCfg = Release|Win32
		{6D09D444-F2C1-4D9A-A511-5BD35C5D13E5}.Release|x86.Build.0 = Release|Win32
		{40674B4B-0BCC-4335-BFAC-F4F178411BCF}.Debug|x64.ActiveCfg = Debug|x64
		{40674B4B-0BCC-4335-BFAC-F4F178411BCF}.Debug|x64.Build.0 = Debug|x64
		{40674B4B-0BCC-4335-BFAC-F4F178411BCF}.Debug|x86.ActiveCfg = Debug|Win32
		{40674B4B-0BCC-4335-BFAC-F4F178411BCF}.Debug|x86.Build.0 = Debug|Win32
		{40674B4B-0BCC-4335-BFAC-F4F178411BCF}.Release|x64.ActiveCfg = Release|x64
		{40674B4B-0BCC-4335-BFAC-F4F178411BCF}.Release|x64.Build.0 = Release|x64
		{40674B4B-0BCC-4335-BFAC-F4F178411BCF}.Release|x86.ActiveCfg = Release|Win32
		{40674B4B-0BCC-4335-BFAC-F4F178411BCF}.Release|x86.Build.0 = Release|Win32
		{201C5C97-E77E-476D-90AE-E0CB512D9438}.Debug|x64.ActiveCfg = Debug|x64
		{201C5C97-E77E-476D-90AE-E0CB512D9438}.Debug|x64.Build.0 = Debug|x64
		{201C5C97-E77E-476D-90AE-E0CB512D9438}.Debug|x86.ActiveCfg = Debug|Win32
		{201C5C97-E77E-476D-90AE-E0CB512D9438}.Debug|x86.Build.0 = Debug|Win32
		{201C5C97-E77E-476D-90AE-E0CB512D9438}.Release|x64.ActiveCfg = Release|x64
		{201C5C97-E77E-476D-90AE-E0CB512D9438}.Release|x64.Build.0 = Release|x64
		{201C5C97-E77E-476D-90AE-E0CB512D9438}.Release|x86.ActiveCfg = Release|Win32
		{201C5C97-E77E-476D-90AE-E0CB512D9438}.Release|x86.Build.0 = Release|Win32
		{D0DE7EEB-E052-4B5F-BFC0-F0030E4A0722}.Debug|x64.ActiveCfg = Debug|x64
		{D0DE7EEB-E052-4B5F-BFC0-F0030E4A0722}.Debug|x64.Build.0 = Debug|x64
		{D0DE7EEB-E052-4B5F-BFC0-F0030E4A0722}.Debug|x86.ActiveCfg = Debug|Win32
		{D0DE7EEB-E052-4B5F-BFC0-F0030E4A0722}.Debug|x86.Build.0 = Debug|Win32
		{D0DE7EEB-E052-4B5F-BFC0-F0030E4A0722}.Release|x64.ActiveCfg = Release|x64
		{D0DE7EEB-E052-4B5F-BFC0-F0030E4A0722}.Release|x64.Build.0 = Release|x64
		{D0DE7EEB-E052-4B5F-BFC0-F0030E4A0722}.Release|x86.ActiveCfg = Release|Win32
		{D0DE7EEB-E052-4B5F-BFC0-F0030E4A0722}.Release|x86.Build.0 = Release|Win32
		{4409BDA5-E8FF-4050-B7FB-AEB9AB2FADBB}.Debug|x64.ActiveCfg = Debug|x64
		{4409BDA5-E8FF-4050-B7FB-AEB9AB2FADBB}.Debug|x64.Build.0 = Debug|x64
		{4409BDA5-E8FF-4050-B7FB-AEB9AB2FADBB}.Debug|x86.ActiveCfg = Debug|Win32
		{4409BDA5-E8FF-4050-B7FB-AEB9AB2FADBB}.Debug|x86.Build.0 = Debug|Win32
		{4409BDA5-E8FF-4050-B7FB-AEB9AB2FADBB}.Release|x64.ActiveCfg = Release|x64
		{4409BDA5-E8FF-4050-B7FB-AEB9AB2FADBB}.Release|x64.Build.0 = Release|x64
		{4409BDA5-E8FF-4050-B7FB-AEB9AB2FADBB}.Release|x86.ActiveCfg = Release|Win32
		{4409BDA5-E8FF-4050-B7FB-AEB9AB2FADBB}.Release|x86.Build.0 = Release|Win32
		{E6C905DC-22F3-43F5-A92B-3DC9C8630614}.Debug|x64.ActiveCfg = Debug|x64
		{E6C905DC-22F3-43F5-A92B-3DC9C8630614}.Debug|x64.Build.0 = Debug|x64
		{E6C905DC-22F3-43F5-A92B-3DC9C8630614}.Debug|x86.ActiveCfg = Debug|Win32
		{E6C905DC-22F3-43F5-A92B-3DC9C8630614}.Debug|x86.Build.0 = Debug|Win32
		{E6C905DC-22F3-43F5-A92B-3DC9C8630614}.Release|x64.ActiveCfg = Release|x64
		{E6C905DC-22F3-43F5-A92B-3DC9C8630614}.Release|x64.Build.0 = Release|x64
		{E6C905DC-22F3-43F5-A92B-3DC9C8630614}.Release|x86.ActiveCfg = Release|Win32
		{E6C905DC-22F3-43F5-A92B-3DC9C8630614}.Release|x86.Build.0 = Release|Win32
		{B7067FC5-51A3-4809-AE8B-1D7CA5718465}.Debug|x64.ActiveCfg = Debug|x64
		{B7067FC5-51A3-4809-AE8B-1D7CA5718465}.Debug|x64.Build.0 = Debug|x64
		{B7067FC5-51A3-4809-AE8B-1D7CA5718465}.Debug|x86.ActiveCfg = Debug|Win32
		{B7067FC5-51A3-4809-AE8B-1D7CA5718465}.Debug|x86.Build.0 = Debug|Win32
		{B7067FC5-51A3-4809-AE8B-1D7CA5718465}.Release|x64.ActiveCfg = Release|x64
		{B7067FC5-51A3-4809-AE8B-1D7CA5718465}.Release|x64.Build.0 = Release|x64
		{B7067FC5-51A3-4809-AE8B-1D7CA5718465}.Release|x86.ActiveCfg = Release|Win32
		{B7067FC5-51A3-4809-AE8B-1D7CA5718465}.Release|x86.Build.0 = Release|Win32
		{F9043F85-E4EA-4708-BAE9-A1A27C42AC96}.Debug|x64.ActiveCfg = Debug|x64
		{F9043F85-E4EA-4708-BAE9-A1A27C42AC96}.Debug|x64.Build.0 = Debug|x64
		{F9043F85-E4EA-4708-BAE9-A1A27C42AC96}.Debug|x86.ActiveCfg = Debug|Win32
		{F9043F85-E4EA-4708-BAE9-A1A27C42AC96}.Debug|x86.Build.0 = Debug|Win32
		{F9043F85-E4EA-4708-BAE9-A1A27C42AC96}.Release|x64.ActiveCfg = Release|x64
		{F9043F85-E4EA-4708-BAE9-A1A27C42AC96}.Release|x64.Build.0 = Release|x64
		{F9043F85-E4EA-4708-BAE9-A1A27C42AC96}.Release|x86.ActiveCfg = Release|Win32
		{F9043F85-E4EA-4708-BAE9-A1A27C42AC96}.Release|x86.Build.0 = Release|Win32
		{11A53C69-3078-4F9B-9BEA-A2176FE96444}.Debug|x64.ActiveCfg = Debug|x64
		{11A53C69-3078-4F9B-9BEA-A2176FE96444}.Debug|x64.Build.0 = Debug|x64
		{11A53C69-3078-4F9B-9BEA-A2176FE96444}.Debug|x86.ActiveCfg = Debug|Win32
		{11A53C69-3078-4F9B-9BEA-A2176FE96444}.Debug|x86.Build.0 = Debug|Win32
		{11A53C69-3078-4F9B-9BEA-A2176FE96444}.Release|x64.ActiveCfg = Release|x64
		{11A53C69-3078-4F9B-9BEA-A2176FE96444}.Release|x64.Build.0 = Release|x64
		{11A53C69-3078-4F9B-9BEA-A2176FE96444}.Release|x86.ActiveCfg = Release|Win32
		{11A53C69-3078-4F9B-9BEA-A2176FE96444}.Release|x86.Build.0 = Release|Win32
		{2BF8AB88-814C-4ACB-B045-C68A4C1447DD}.Debug|x64.ActiveCfg = Debug|x64
		{2BF8AB88-814C-4ACB-B045-C68A4C1447DD}.Debug|x64.Build.0 = Debug|x64
		{2BF8AB88-814C-4ACB-B045-C68A4C1447DD}.Debug|x86.ActiveCfg = Debug|Win32
		{2BF8AB88-814C-4ACB-B045-C68A4C1447DD}.Debug|x86.Build.0 = Debug|Win32
		{2BF8AB88-814C-4ACB-B045-C68A4C1447DD}.Release|x64.ActiveCfg = Release|x64
		{2BF8AB88-814C-4ACB-B045-C68A4C1447DD}.Release|x64.Build.0 = Release|x64
		{2BF8AB88-814C-4ACB-B045-C68A4C1447DD}.Release|x86.ActiveCfg = Release|Win32
		{2BF8AB88-814C-4ACB-B045-C68A4C1447DD}.Release|x86.Build.0 = Release|Win32
		{9B6F067F-C232-4AC6-BDD6-70180FD6F158}.Debug|x64.ActiveCfg = Debug|x64
		{9B6F067F-C232-4AC6-BDD6-70180FD6F158}.Debug|x64.Build.0 = Debug|x64
		{9B6F067F-C232-4AC6-BDD6-70180FD6F158}.Debug|x86.ActiveCfg = Debug|Win32
		{9B6F067F-C232-4AC6-BDD6-70180FD6F158}.Debug|x86.Build.0 = Debug|Win32
		{9B6F067F-C232-4AC6-BDD6-70180FD6F158}.Release|x64.ActiveCfg = Release|x64
		{9B6F067F-C232-4AC6-BDD6-70180FD6F158}.Release|x64.Build.0 = Release|x64
		{9B6F067F-C232-4AC6-BDD6-70180FD6F158}.Release|x86.ActiveCfg = Release|Win32
		{9B6F067F-C232-4AC6-BDD6-70180FD6F158}.Release|x86.Build.0 = Release|Win32
	EndGlobalSection
	GlobalSection(SolutionProperties) = preSolution
		HideSolutionNode = FALSE
	EndGlobalSection
	GlobalSection(NestedProjects) = preSolution
		{23C91B6F-B8A2-4037-9A2D-5F8323EBCD17} = {3B352DF9-7CF4-40A8-A235-E6D47663EDC0}
		{DC886580-1BE7-491B-95AA-5D51BAC86C33} = {C5AE7E75-8B40-40E7-BB97-632238CCECCB}
	EndGlobalSection
	GlobalSection(ExtensibilityGlobals) = postSolution
		SolutionGuid = {4B58FB9C-02FA-4320-A556-4DA23F09DFE3}
	EndGlobalSection
EndGlobal
